// !$*UTF8*$!
{
	archiveVersion = 1;
	classes = {
	};
	objectVersion = 48;
	objects = {

/* Begin PBXBuildFile section */
		647437EF1FD1A47F00F375E9 /* AppDelegate.swift in Sources */ = {isa = PBXBuildFile; fileRef = 647437EE1FD1A47F00F375E9 /* AppDelegate.swift */; };
		647437F11FD1A47F00F375E9 /* ViewController.swift in Sources */ = {isa = PBXBuildFile; fileRef = 647437F01FD1A47F00F375E9 /* ViewController.swift */; };
		647437F41FD1A47F00F375E9 /* Main.storyboard in Resources */ = {isa = PBXBuildFile; fileRef = 647437F21FD1A47F00F375E9 /* Main.storyboard */; };
		647437F61FD1A47F00F375E9 /* Assets.xcassets in Resources */ = {isa = PBXBuildFile; fileRef = 647437F51FD1A47F00F375E9 /* Assets.xcassets */; };
		647437F91FD1A47F00F375E9 /* LaunchScreen.storyboard in Resources */ = {isa = PBXBuildFile; fileRef = 647437F71FD1A47F00F375E9 /* LaunchScreen.storyboard */; };
		647438041FD1A47F00F375E9 /* LearnSwiftTests.swift in Sources */ = {isa = PBXBuildFile; fileRef = 647438031FD1A47F00F375E9 /* LearnSwiftTests.swift */; };
		6474380F1FD1A47F00F375E9 /* LearnSwiftUITests.swift in Sources */ = {isa = PBXBuildFile; fileRef = 6474380E1FD1A47F00F375E9 /* LearnSwiftUITests.swift */; };
		64B748DD1FD1D53000308770 /* Contentration.swift in Sources */ = {isa = PBXBuildFile; fileRef = 64B748DC1FD1D53000308770 /* Contentration.swift */; };
		64B748DF1FD1D56D00308770 /* Card.swift in Sources */ = {isa = PBXBuildFile; fileRef = 64B748DE1FD1D56D00308770 /* Card.swift */; };
/* End PBXBuildFile section */

/* Begin PBXContainerItemProxy section */
		647438001FD1A47F00F375E9 /* PBXContainerItemProxy */ = {
			isa = PBXContainerItemProxy;
			containerPortal = 647437E31FD1A47F00F375E9 /* Project object */;
			proxyType = 1;
			remoteGlobalIDString = 647437EA1FD1A47F00F375E9;
			remoteInfo = LearnSwift;
		};
		6474380B1FD1A47F00F375E9 /* PBXContainerItemProxy */ = {
			isa = PBXContainerItemProxy;
			containerPortal = 647437E31FD1A47F00F375E9 /* Project object */;
			proxyType = 1;
			remoteGlobalIDString = 647437EA1FD1A47F00F375E9;
			remoteInfo = LearnSwift;
		};
/* End PBXContainerItemProxy section */

/* Begin PBXFileReference section */
		647437EB1FD1A47F00F375E9 /* LearnSwift.app */ = {isa = PBXFileReference; explicitFileType = wrapper.application; includeInIndex = 0; path = LearnSwift.app; sourceTree = BUILT_PRODUCTS_DIR; };
		647437EE1FD1A47F00F375E9 /* AppDelegate.swift */ = {isa = PBXFileReference; lastKnownFileType = sourcecode.swift; path = AppDelegate.swift; sourceTree = "<group>"; };
		647437F01FD1A47F00F375E9 /* ViewController.swift */ = {isa = PBXFileReference; lastKnownFileType = sourcecode.swift; path = ViewController.swift; sourceTree = "<group>"; };
		647437F31FD1A47F00F375E9 /* Base */ = {isa = PBXFileReference; lastKnownFileType = file.storyboard; name = Base; path = Base.lproj/Main.storyboard; sourceTree = "<group>"; };
		647437F51FD1A47F00F375E9 /* Assets.xcassets */ = {isa = PBXFileReference; lastKnownFileType = folder.assetcatalog; path = Assets.xcassets; sourceTree = "<group>"; };
		647437F81FD1A47F00F375E9 /* Base */ = {isa = PBXFileReference; lastKnownFileType = file.storyboard; name = Base; path = Base.lproj/LaunchScreen.storyboard; sourceTree = "<group>"; };
		647437FA1FD1A47F00F375E9 /* Info.plist */ = {isa = PBXFileReference; lastKnownFileType = text.plist.xml; path = Info.plist; sourceTree = "<group>"; };
		647437FF1FD1A47F00F375E9 /* LearnSwiftTests.xctest */ = {isa = PBXFileReference; explicitFileType = wrapper.cfbundle; includeInIndex = 0; path = LearnSwiftTests.xctest; sourceTree = BUILT_PRODUCTS_DIR; };
		647438031FD1A47F00F375E9 /* LearnSwiftTests.swift */ = {isa = PBXFileReference; lastKnownFileType = sourcecode.swift; path = LearnSwiftTests.swift; sourceTree = "<group>"; };
		647438051FD1A47F00F375E9 /* Info.plist */ = {isa = PBXFileReference; lastKnownFileType = text.plist.xml; path = Info.plist; sourceTree = "<group>"; };
		6474380A1FD1A47F00F375E9 /* LearnSwiftUITests.xctest */ = {isa = PBXFileReference; explicitFileType = wrapper.cfbundle; includeInIndex = 0; path = LearnSwiftUITests.xctest; sourceTree = BUILT_PRODUCTS_DIR; };
		6474380E1FD1A47F00F375E9 /* LearnSwiftUITests.swift */ = {isa = PBXFileReference; lastKnownFileType = sourcecode.swift; path = LearnSwiftUITests.swift; sourceTree = "<group>"; };
		647438101FD1A47F00F375E9 /* Info.plist */ = {isa = PBXFileReference; lastKnownFileType = text.plist.xml; path = Info.plist; sourceTree = "<group>"; };
		64B748DC1FD1D53000308770 /* Contentration.swift */ = {isa = PBXFileReference; lastKnownFileType = sourcecode.swift; path = Contentration.swift; sourceTree = "<group>"; };
		64B748DE1FD1D56D00308770 /* Card.swift */ = {isa = PBXFileReference; lastKnownFileType = sourcecode.swift; path = Card.swift; sourceTree = "<group>"; };
/* End PBXFileReference section */

/* Begin PBXFrameworksBuildPhase section */
		647437E81FD1A47F00F375E9 /* Frameworks */ = {
			isa = PBXFrameworksBuildPhase;
			buildActionMask = 2147483647;
			files = (
			);
			runOnlyForDeploymentPostprocessing = 0;
		};
		647437FC1FD1A47F00F375E9 /* Frameworks */ = {
			isa = PBXFrameworksBuildPhase;
			buildActionMask = 2147483647;
			files = (
			);
			runOnlyForDeploymentPostprocessing = 0;
		};
		647438071FD1A47F00F375E9 /* Frameworks */ = {
			isa = PBXFrameworksBuildPhase;
			buildActionMask = 2147483647;
			files = (
			);
			runOnlyForDeploymentPostprocessing = 0;
		};
/* End PBXFrameworksBuildPhase section */

/* Begin PBXGroup section */
		647437E21FD1A47F00F375E9 = {
			isa = PBXGroup;
			children = (
				647437ED1FD1A47F00F375E9 /* LearnSwift */,
				647438021FD1A47F00F375E9 /* LearnSwiftTests */,
				6474380D1FD1A47F00F375E9 /* LearnSwiftUITests */,
				647437EC1FD1A47F00F375E9 /* Products */,
			);
			sourceTree = "<group>";
		};
		647437EC1FD1A47F00F375E9 /* Products */ = {
			isa = PBXGroup;
			children = (
				647437EB1FD1A47F00F375E9 /* LearnSwift.app */,
				647437FF1FD1A47F00F375E9 /* LearnSwiftTests.xctest */,
				6474380A1FD1A47F00F375E9 /* LearnSwiftUITests.xctest */,
			);
			name = Products;
			sourceTree = "<group>";
		};
		647437ED1FD1A47F00F375E9 /* LearnSwift */ = {
			isa = PBXGroup;
			children = (
				647437EE1FD1A47F00F375E9 /* AppDelegate.swift */,
				647437F01FD1A47F00F375E9 /* ViewController.swift */,
				647437F21FD1A47F00F375E9 /* Main.storyboard */,
				647437F51FD1A47F00F375E9 /* Assets.xcassets */,
				647437F71FD1A47F00F375E9 /* LaunchScreen.storyboard */,
				647437FA1FD1A47F00F375E9 /* Info.plist */,
				64B748DC1FD1D53000308770 /* Contentration.swift */,
				64B748DE1FD1D56D00308770 /* Card.swift */,
			);
			path = LearnSwift;
			sourceTree = "<group>";
		};
		647438021FD1A47F00F375E9 /* LearnSwiftTests */ = {
			isa = PBXGroup;
			children = (
				647438031FD1A47F00F375E9 /* LearnSwiftTests.swift */,
				647438051FD1A47F00F375E9 /* Info.plist */,
			);
			path = LearnSwiftTests;
			sourceTree = "<group>";
		};
		6474380D1FD1A47F00F375E9 /* LearnSwiftUITests */ = {
			isa = PBXGroup;
			children = (
				6474380E1FD1A47F00F375E9 /* LearnSwiftUITests.swift */,
				647438101FD1A47F00F375E9 /* Info.plist */,
			);
			path = LearnSwiftUITests;
			sourceTree = "<group>";
		};
/* End PBXGroup section */

/* Begin PBXNativeTarget section */
		647437EA1FD1A47F00F375E9 /* LearnSwift */ = {
			isa = PBXNativeTarget;
			buildConfigurationList = 647438131FD1A47F00F375E9 /* Build configuration list for PBXNativeTarget "LearnSwift" */;
			buildPhases = (
				647437E71FD1A47F00F375E9 /* Sources */,
				647437E81FD1A47F00F375E9 /* Frameworks */,
				647437E91FD1A47F00F375E9 /* Resources */,
			);
			buildRules = (
			);
			dependencies = (
			);
			name = LearnSwift;
			productName = LearnSwift;
			productReference = 647437EB1FD1A47F00F375E9 /* LearnSwift.app */;
			productType = "com.apple.product-type.application";
		};
		647437FE1FD1A47F00F375E9 /* LearnSwiftTests */ = {
			isa = PBXNativeTarget;
			buildConfigurationList = 647438161FD1A47F00F375E9 /* Build configuration list for PBXNativeTarget "LearnSwiftTests" */;
			buildPhases = (
				647437FB1FD1A47F00F375E9 /* Sources */,
				647437FC1FD1A47F00F375E9 /* Frameworks */,
				647437FD1FD1A47F00F375E9 /* Resources */,
			);
			buildRules = (
			);
			dependencies = (
				647438011FD1A47F00F375E9 /* PBXTargetDependency */,
			);
			name = LearnSwiftTests;
			productName = LearnSwiftTests;
			productReference = 647437FF1FD1A47F00F375E9 /* LearnSwiftTests.xctest */;
			productType = "com.apple.product-type.bundle.unit-test";
		};
		647438091FD1A47F00F375E9 /* LearnSwiftUITests */ = {
			isa = PBXNativeTarget;
			buildConfigurationList = 647438191FD1A47F00F375E9 /* Build configuration list for PBXNativeTarget "LearnSwiftUITests" */;
			buildPhases = (
				647438061FD1A47F00F375E9 /* Sources */,
				647438071FD1A47F00F375E9 /* Frameworks */,
				647438081FD1A47F00F375E9 /* Resources */,
			);
			buildRules = (
			);
			dependencies = (
				6474380C1FD1A47F00F375E9 /* PBXTargetDependency */,
			);
			name = LearnSwiftUITests;
			productName = LearnSwiftUITests;
			productReference = 6474380A1FD1A47F00F375E9 /* LearnSwiftUITests.xctest */;
			productType = "com.apple.product-type.bundle.ui-testing";
		};
/* End PBXNativeTarget section */

/* Begin PBXProject section */
		647437E31FD1A47F00F375E9 /* Project object */ = {
			isa = PBXProject;
			attributes = {
				LastSwiftUpdateCheck = 0910;
				LastUpgradeCheck = 0910;
				ORGANIZATIONNAME = zhenglin;
				TargetAttributes = {
					647437EA1FD1A47F00F375E9 = {
						CreatedOnToolsVersion = 9.1;
						ProvisioningStyle = Automatic;
					};
					647437FE1FD1A47F00F375E9 = {
						CreatedOnToolsVersion = 9.1;
						ProvisioningStyle = Automatic;
						TestTargetID = 647437EA1FD1A47F00F375E9;
					};
					647438091FD1A47F00F375E9 = {
						CreatedOnToolsVersion = 9.1;
						ProvisioningStyle = Automatic;
						TestTargetID = 647437EA1FD1A47F00F375E9;
					};
				};
			};
			buildConfigurationList = 647437E61FD1A47F00F375E9 /* Build configuration list for PBXProject "LearnSwift" */;
			compatibilityVersion = "Xcode 8.0";
			developmentRegion = en;
			hasScannedForEncodings = 0;
			knownRegions = (
				en,
				Base,
			);
			mainGroup = 647437E21FD1A47F00F375E9;
			productRefGroup = 647437EC1FD1A47F00F375E9 /* Products */;
			projectDirPath = "";
			projectRoot = "";
			targets = (
				647437EA1FD1A47F00F375E9 /* LearnSwift */,
				647437FE1FD1A47F00F375E9 /* LearnSwiftTests */,
				647438091FD1A47F00F375E9 /* LearnSwiftUITests */,
			);
		};
/* End PBXProject section */

/* Begin PBXResourcesBuildPhase section */
		647437E91FD1A47F00F375E9 /* Resources */ = {
			isa = PBXResourcesBuildPhase;
			buildActionMask = 2147483647;
			files = (
				647437F91FD1A47F00F375E9 /* LaunchScreen.storyboard in Resources */,
				647437F61FD1A47F00F375E9 /* Assets.xcassets in Resources */,
				647437F41FD1A47F00F375E9 /* Main.storyboard in Resources */,
			);
			runOnlyForDeploymentPostprocessing = 0;
		};
		647437FD1FD1A47F00F375E9 /* Resources */ = {
			isa = PBXResourcesBuildPhase;
			buildActionMask = 2147483647;
			files = (
			);
			runOnlyForDeploymentPostprocessing = 0;
		};
		647438081FD1A47F00F375E9 /* Resources */ = {
			isa = PBXResourcesBuildPhase;
			buildActionMask = 2147483647;
			files = (
			);
			runOnlyForDeploymentPostprocessing = 0;
		};
/* End PBXResourcesBuildPhase section */

/* Begin PBXSourcesBuildPhase section */
		647437E71FD1A47F00F375E9 /* Sources */ = {
			isa = PBXSourcesBuildPhase;
			buildActionMask = 2147483647;
			files = (
				647437F11FD1A47F00F375E9 /* ViewController.swift in Sources */,
				647437EF1FD1A47F00F375E9 /* AppDelegate.swift in Sources */,
				64B748DD1FD1D53000308770 /* Contentration.swift in Sources */,
				64B748DF1FD1D56D00308770 /* Card.swift in Sources */,
			);
			runOnlyForDeploymentPostprocessing = 0;
		};
		647437FB1FD1A47F00F375E9 /* Sources */ = {
			isa = PBXSourcesBuildPhase;
			buildActionMask = 2147483647;
			files = (
				647438041FD1A47F00F375E9 /* LearnSwiftTests.swift in Sources */,
			);
			runOnlyForDeploymentPostprocessing = 0;
		};
		647438061FD1A47F00F375E9 /* Sources */ = {
			isa = PBXSourcesBuildPhase;
			buildActionMask = 2147483647;
			files = (
				6474380F1FD1A47F00F375E9 /* LearnSwiftUITests.swift in Sources */,
			);
			runOnlyForDeploymentPostprocessing = 0;
		};
/* End PBXSourcesBuildPhase section */

/* Begin PBXTargetDependency section */
		647438011FD1A47F00F375E9 /* PBXTargetDependency */ = {
			isa = PBXTargetDependency;
			target = 647437EA1FD1A47F00F375E9 /* LearnSwift */;
			targetProxy = 647438001FD1A47F00F375E9 /* PBXContainerItemProxy */;
		};
		6474380C1FD1A47F00F375E9 /* PBXTargetDependency */ = {
			isa = PBXTargetDependency;
			target = 647437EA1FD1A47F00F375E9 /* LearnSwift */;
			targetProxy = 6474380B1FD1A47F00F375E9 /* PBXContainerItemProxy */;
		};
/* End PBXTargetDependency section */

/* Begin PBXVariantGroup section */
		647437F21FD1A47F00F375E9 /* Main.storyboard */ = {
			isa = PBXVariantGroup;
			children = (
				647437F31FD1A47F00F375E9 /* Base */,
			);
			name = Main.storyboard;
			sourceTree = "<group>";
		};
		647437F71FD1A47F00F375E9 /* LaunchScreen.storyboard */ = {
			isa = PBXVariantGroup;
			children = (
				647437F81FD1A47F00F375E9 /* Base */,
			);
			name = LaunchScreen.storyboard;
			sourceTree = "<group>";
		};
/* End PBXVariantGroup section */

/* Begin XCBuildConfiguration section */
		647438111FD1A47F00F375E9 /* Debug */ = {
			isa = XCBuildConfiguration;
			buildSettings = {
				ALWAYS_SEARCH_USER_PATHS = NO;
				CLANG_ANALYZER_NONNULL = YES;
				CLANG_ANALYZER_NUMBER_OBJECT_CONVERSION = YES_AGGRESSIVE;
				CLANG_CXX_LANGUAGE_STANDARD = "gnu++14";
				CLANG_CXX_LIBRARY = "libc++";
				CLANG_ENABLE_MODULES = YES;
				CLANG_ENABLE_OBJC_ARC = YES;
				CLANG_WARN_BLOCK_CAPTURE_AUTORELEASING = YES;
				CLANG_WARN_BOOL_CONVERSION = YES;
				CLANG_WARN_COMMA = YES;
				CLANG_WARN_CONSTANT_CONVERSION = YES;
				CLANG_WARN_DIRECT_OBJC_ISA_USAGE = YES_ERROR;
				CLANG_WARN_DOCUMENTATION_COMMENTS = YES;
				CLANG_WARN_EMPTY_BODY = YES;
				CLANG_WARN_ENUM_CONVERSION = YES;
				CLANG_WARN_INFINITE_RECURSION = YES;
				CLANG_WARN_INT_CONVERSION = YES;
				CLANG_WARN_NON_LITERAL_NULL_CONVERSION = YES;
				CLANG_WARN_OBJC_LITERAL_CONVERSION = YES;
				CLANG_WARN_OBJC_ROOT_CLASS = YES_ERROR;
				CLANG_WARN_RANGE_LOOP_ANALYSIS = YES;
				CLANG_WARN_STRICT_PROTOTYPES = YES;
				CLANG_WARN_SUSPICIOUS_MOVE = YES;
				CLANG_WARN_UNGUARDED_AVAILABILITY = YES_AGGRESSIVE;
				CLANG_WARN_UNREACHABLE_CODE = YES;
				CLANG_WARN__DUPLICATE_METHOD_MATCH = YES;
				CODE_SIGN_IDENTITY = "iPhone Developer";
				COPY_PHASE_STRIP = NO;
				DEBUG_INFORMATION_FORMAT = dwarf;
				ENABLE_STRICT_OBJC_MSGSEND = YES;
				ENABLE_TESTABILITY = YES;
				GCC_C_LANGUAGE_STANDARD = gnu11;
				GCC_DYNAMIC_NO_PIC = NO;
				GCC_NO_COMMON_BLOCKS = YES;
				GCC_OPTIMIZATION_LEVEL = 0;
				GCC_PREPROCESSOR_DEFINITIONS = (
					"DEBUG=1",
					"$(inherited)",
				);
				GCC_WARN_64_TO_32_BIT_CONVERSION = YES;
				GCC_WARN_ABOUT_RETURN_TYPE = YES_ERROR;
				GCC_WARN_UNDECLARED_SELECTOR = YES;
				GCC_WARN_UNINITIALIZED_AUTOS = YES_AGGRESSIVE;
				GCC_WARN_UNUSED_FUNCTION = YES;
				GCC_WARN_UNUSED_VARIABLE = YES;
				IPHONEOS_DEPLOYMENT_TARGET = 11.1;
				MTL_ENABLE_DEBUG_INFO = YES;
				ONLY_ACTIVE_ARCH = YES;
				SDKROOT = iphoneos;
				SWIFT_ACTIVE_COMPILATION_CONDITIONS = DEBUG;
				SWIFT_OPTIMIZATION_LEVEL = "-Onone";
			};
			name = Debug;
		};
		647438121FD1A47F00F375E9 /* Release */ = {
			isa = XCBuildConfiguration;
			buildSettings = {
				ALWAYS_SEARCH_USER_PATHS = NO;
				CLANG_ANALYZER_NONNULL = YES;
				CLANG_ANALYZER_NUMBER_OBJECT_CONVERSION = YES_AGGRESSIVE;
				CLANG_CXX_LANGUAGE_STANDARD = "gnu++14";
				CLANG_CXX_LIBRARY = "libc++";
				CLANG_ENABLE_MODULES = YES;
				CLANG_ENABLE_OBJC_ARC = YES;
				CLANG_WARN_BLOCK_CAPTURE_AUTORELEASING = YES;
				CLANG_WARN_BOOL_CONVERSION = YES;
				CLANG_WARN_COMMA = YES;
				CLANG_WARN_CONSTANT_CONVERSION = YES;
				CLANG_WARN_DIRECT_OBJC_ISA_USAGE = YES_ERROR;
				CLANG_WARN_DOCUMENTATION_COMMENTS = YES;
				CLANG_WARN_EMPTY_BODY = YES;
				CLANG_WARN_ENUM_CONVERSION = YES;
				CLANG_WARN_INFINITE_RECURSION = YES;
				CLANG_WARN_INT_CONVERSION = YES;
				CLANG_WARN_NON_LITERAL_NULL_CONVERSION = YES;
				CLANG_WARN_OBJC_LITERAL_CONVERSION = YES;
				CLANG_WARN_OBJC_ROOT_CLASS = YES_ERROR;
				CLANG_WARN_RANGE_LOOP_ANALYSIS = YES;
				CLANG_WARN_STRICT_PROTOTYPES = YES;
				CLANG_WARN_SUSPICIOUS_MOVE = YES;
				CLANG_WARN_UNGUARDED_AVAILABILITY = YES_AGGRESSIVE;
				CLANG_WARN_UNREACHABLE_CODE = YES;
				CLANG_WARN__DUPLICATE_METHOD_MATCH = YES;
				CODE_SIGN_IDENTITY = "iPhone Developer";
				COPY_PHASE_STRIP = NO;
				DEBUG_INFORMATION_FORMAT = "dwarf-with-dsym";
				ENABLE_NS_ASSERTIONS = NO;
				ENABLE_STRICT_OBJC_MSGSEND = YES;
				GCC_C_LANGUAGE_STANDARD = gnu11;
				GCC_NO_COMMON_BLOCKS = YES;
				GCC_WARN_64_TO_32_BIT_CONVERSION = YES;
				GCC_WARN_ABOUT_RETURN_TYPE = YES_ERROR;
				GCC_WARN_UNDECLARED_SELECTOR = YES;
				GCC_WARN_UNINITIALIZED_AUTOS = YES_AGGRESSIVE;
				GCC_WARN_UNUSED_FUNCTION = YES;
				GCC_WARN_UNUSED_VARIABLE = YES;
				IPHONEOS_DEPLOYMENT_TARGET = 11.1;
				MTL_ENABLE_DEBUG_INFO = NO;
				SDKROOT = iphoneos;
				SWIFT_OPTIMIZATION_LEVEL = "-Owholemodule";
				VALIDATE_PRODUCT = YES;
			};
			name = Release;
		};
		647438141FD1A47F00F375E9 /* Debug */ = {
			isa = XCBuildConfiguration;
			buildSettings = {
				ASSETCATALOG_COMPILER_APPICON_NAME = AppIcon;
				CODE_SIGN_STYLE = Automatic;
				INFOPLIST_FILE = LearnSwift/Info.plist;
				LD_RUNPATH_SEARCH_PATHS = "$(inherited) @executable_path/Frameworks";
				PRODUCT_BUNDLE_IDENTIFIER = com.linzheng.LearnSwift;
				PRODUCT_NAME = "$(TARGET_NAME)";
				SWIFT_VERSION = 4.0;
				TARGETED_DEVICE_FAMILY = "1,2";
			};
			name = Debug;
		};
		647438151FD1A47F00F375E9 /* Release */ = {
			isa = XCBuildConfiguration;
			buildSettings = {
				ASSETCATALOG_COMPILER_APPICON_NAME = AppIcon;
				CODE_SIGN_STYLE = Automatic;
				INFOPLIST_FILE = LearnSwift/Info.plist;
				LD_RUNPATH_SEARCH_PATHS = "$(inherited) @executable_path/Frameworks";
				PRODUCT_BUNDLE_IDENTIFIER = com.linzheng.LearnSwift;
				PRODUCT_NAME = "$(TARGET_NAME)";
				SWIFT_VERSION = 4.0;
				TARGETED_DEVICE_FAMILY = "1,2";
			};
			name = Release;
		};
		647438171FD1A47F00F375E9 /* Debug */ = {
			isa = XCBuildConfiguration;
			buildSettings = {
				ALWAYS_EMBED_SWIFT_STANDARD_LIBRARIES = YES;
				BUNDLE_LOADER = "$(TEST_HOST)";
				CODE_SIGN_STYLE = Automatic;
				INFOPLIST_FILE = LearnSwiftTests/Info.plist;
				LD_RUNPATH_SEARCH_PATHS = "$(inherited) @executable_path/Frameworks @loader_path/Frameworks";
				PRODUCT_BUNDLE_IDENTIFIER = com.linzheng.LearnSwiftTests;
				PRODUCT_NAME = "$(TARGET_NAME)";
				SWIFT_VERSION = 4.0;
				TARGETED_DEVICE_FAMILY = "1,2";
				TEST_HOST = "$(BUILT_PRODUCTS_DIR)/LearnSwift.app/LearnSwift";
			};
			name = Debug;
		};
		647438181FD1A47F00F375E9 /* Release */ = {
			isa = XCBuildConfiguration;
			buildSettings = {
				ALWAYS_EMBED_SWIFT_STANDARD_LIBRARIES = YES;
				BUNDLE_LOADER = "$(TEST_HOST)";
				CODE_SIGN_STYLE = Automatic;
				INFOPLIST_FILE = LearnSwiftTests/Info.plist;
				LD_RUNPATH_SEARCH_PATHS = "$(inherited) @executable_path/Frameworks @loader_path/Frameworks";
				PRODUCT_BUNDLE_IDENTIFIER = com.linzheng.LearnSwiftTests;
				PRODUCT_NAME = "$(TARGET_NAME)";
				SWIFT_VERSION = 4.0;
				TARGETED_DEVICE_FAMILY = "1,2";
				TEST_HOST = "$(BUILT_PRODUCTS_DIR)/LearnSwift.app/LearnSwift";
			};
			name = Release;
		};
		6474381A1FD1A47F00F375E9 /* Debug */ = {
			isa = XCBuildConfiguration;
			buildSettings = {
				ALWAYS_EMBED_SWIFT_STANDARD_LIBRARIES = YES;
				CODE_SIGN_STYLE = Automatic;
				INFOPLIST_FILE = LearnSwiftUITests/Info.plist;
				LD_RUNPATH_SEARCH_PATHS = "$(inherited) @executable_path/Frameworks @loader_path/Frameworks";
				PRODUCT_BUNDLE_IDENTIFIER = com.linzheng.LearnSwiftUITests;
				PRODUCT_NAME = "$(TARGET_NAME)";
				SWIFT_VERSION = 4.0;
				TARGETED_DEVICE_FAMILY = "1,2";
				TEST_TARGET_NAME = LearnSwift;
			};
			name = Debug;
		};
		6474381B1FD1A47F00F375E9 /* Release */ = {
			isa = XCBuildConfiguration;
			buildSettings = {
				ALWAYS_EMBED_SWIFT_STANDARD_LIBRARIES = YES;
				CODE_SIGN_STYLE = Automatic;
				INFOPLIST_FILE = LearnSwiftUITests/Info.plist;
				LD_RUNPATH_SEARCH_PATHS = "$(inherited) @executable_path/Frameworks @loader_path/Frameworks";
				PRODUCT_BUNDLE_IDENTIFIER = com.linzheng.LearnSwiftUITests;
				PRODUCT_NAME = "$(TARGET_NAME)";
				SWIFT_VERSION = 4.0;
				TARGETED_DEVICE_FAMILY = "1,2";
				TEST_TARGET_NAME = LearnSwift;
			};
			name = Release;
		};
/* End XCBuildConfiguration section */

/* Begin XCConfigurationList section */
		647437E61FD1A47F00F375E9 /* Build configuration list for PBXProject "LearnSwift" */ = {
			isa = XCConfigurationList;
			buildConfigurations = (
				647438111FD1A47F00F375E9 /* Debug */,
				647438121FD1A47F00F375E9 /* Release */,
			);
			defaultConfigurationIsVisible = 0;
			defaultConfigurationName = Release;
		};
		647438131FD1A47F00F375E9 /* Build configuration list for PBXNativeTarget "LearnSwift" */ = {
			isa = XCConfigurationList;
			buildConfigurations = (
				647438141FD1A47F00F375E9 /* Debug */,
				647438151FD1A47F00F375E9 /* Release */,
			);
			defaultConfigurationIsVisible = 0;
			defaultConfigurationName = Release;
		};
		647438161FD1A47F00F375E9 /* Build configuration list for PBXNativeTarget "LearnSwiftTests" */ = {
			isa = XCConfigurationList;
			buildConfigurations = (
				647438171FD1A47F00F375E9 /* Debug */,
				647438181FD1A47F00F375E9 /* Release */,
			);
			defaultConfigurationIsVisible = 0;
			defaultConfigurationName = Release;
		};
		647438191FD1A47F00F375E9 /* Build configuration list for PBXNativeTarget "LearnSwiftUITests" */ = {
			isa = XCConfigurationList;
			buildConfigurations = (
				6474381A1FD1A47F00F375E9 /* Debug */,
				6474381B1FD1A47F00F375E9 /* Release */,
			);
			defaultConfigurationIsVisible = 0;
			defaultConfigurationName = Release;
		};
/* End XCConfigurationList section */
	};
	rootObject = 647437E31FD1A47F00F375E9 /* Project object */;
}
